
Microsoft Visual Studio Solution File, Format Version 12.00
# Visual Studio 2015
Project("{FAE04EC0-301F-11D3-BF4B-00C04F79EFBC}") = "FinalNinjaMay2016", "FinalNinjaMay2016.csproj", "{08EDD7C0-D5F2-B61E-986E-F57CE705D8DB}"
EndProject
Project("{FAE04EC0-301F-11D3-BF4B-00C04F79EFBC}") = "FinalNinjaMay2016.Editor", "FinalNinjaMay2016.Editor.csproj", "{8C893FD7-B5DD-DEC5-161D-87C329E7E5BF}"
EndProject
Global
	GlobalSection(SolutionConfigurationPlatforms) = preSolution
		Debug|Any CPU = Debug|Any CPU
		Release|Any CPU = Release|Any CPU
	EndGlobalSection
	GlobalSection(ProjectConfigurationPlatforms) = postSolution
		{08EDD7C0-D5F2-B61E-986E-F57CE705D8DB}.Debug|Any CPU.ActiveCfg = Debug|Any CPU
		{08EDD7C0-D5F2-B61E-986E-F57CE705D8DB}.Debug|Any CPU.Build.0 = Debug|Any CPU
		{08EDD7C0-D5F2-B61E-986E-F57CE705D8DB}.Release|Any CPU.ActiveCfg = Release|Any CPU
		{08EDD7C0-D5F2-B61E-986E-F57CE705D8DB}.Release|Any CPU.Build.0 = Release|Any CPU
		{8C893FD7-B5DD-DEC5-161D-87C329E7E5BF}.Debug|Any CPU.ActiveCfg = Debug|Any CPU
		{8C893FD7-B5DD-DEC5-161D-87C329E7E5BF}.Debug|Any CPU.Build.0 = Debug|Any CPU
		{8C893FD7-B5DD-DEC5-161D-87C329E7E5BF}.Release|Any CPU.ActiveCfg = Release|Any CPU
		{8C893FD7-B5DD-DEC5-161D-87C329E7E5BF}.Release|Any CPU.Build.0 = Release|Any CPU
	EndGlobalSection
	GlobalSection(SolutionProperties) = preSolution
		HideSolutionNode = FALSE
	EndGlobalSection
EndGlobal
